
Microsoft Visual Studio Solution File, Format Version 12.00
# Visual Studio Version 17
VisualStudioVersion = 17.2.32519.379
MinimumVisualStudioVersion = 10.0.40219.1
Project("{FAE04EC0-301F-11D3-BF4B-00C04F79EFBC}") = "BackendApi", "BackendApi\BackendApi.csproj", "{2444AB56-B446-47C5-9596-569579DF5585}"
EndProject
Global
	GlobalSection(SolutionConfigurationPlatforms) = preSolution
		Debug|Any CPU = Debug|Any CPU
		Release|Any CPU = Release|Any CPU
	EndGlobalSection
	GlobalSection(ProjectConfigurationPlatforms) = postSolution
		{2444AB56-B446-47C5-9596-569579DF5585}.Debug|Any CPU.ActiveCfg = Debug|Any CPU
		{2444AB56-B446-47C5-9596-569579DF5585}.Debug|Any CPU.Build.0 = Debug|Any CPU
		{2444AB56-B446-47C5-9596-569579DF5585}.Release|Any CPU.ActiveCfg = Release|Any CPU
		{2444AB56-B446-47C5-9596-569579DF5585}.Release|Any CPU.Build.0 = Release|Any CPU
	EndGlobalSection
	GlobalSection(SolutionProperties) = preSolution
		HideSolutionNode = FALSE
	EndGlobalSection
	GlobalSection(ExtensibilityGlobals) = postSolution
		SolutionGuid = {4A33A335-0A7C-4679-9B86-86252AB5DD5A}
	EndGlobalSection
EndGlobal
